
Microsoft Visual Studio Solution File, Format Version 12.00
# Visual Studio Version 17
VisualStudioVersion = 17.0.31903.59
MinimumVisualStudioVersion = 10.0.40219.1
Project("{FAE04EC0-301F-11D3-BF4B-00C04F79EFBC}") = "Infrastructure", "Infrastructure\Infrastructure.csproj", "{4DA5E4DC-9838-4B16-8588-724EAFF528F8}"
EndProject
Project("{FAE04EC0-301F-11D3-BF4B-00C04F79EFBC}") = "Domain", "Domain\Domain.csproj", "{5213A7CF-DEF6-4373-8F1B-79D366A9E54E}"
EndProject
Project("{FAE04EC0-301F-11D3-BF4B-00C04F79EFBC}") = "MyMvcApp", "MyMvcApp\MyMvcApp.csproj", "{4BC14C6C-29E6-464C-B37F-14F9FE67A74B}"
EndProject
Global
	GlobalSection(SolutionConfigurationPlatforms) = preSolution
		Debug|Any CPU = Debug|Any CPU
		Release|Any CPU = Release|Any CPU
	EndGlobalSection
	GlobalSection(SolutionProperties) = preSolution
		HideSolutionNode = FALSE
	EndGlobalSection
	GlobalSection(ProjectConfigurationPlatforms) = postSolution
		{4DA5E4DC-9838-4B16-8588-724EAFF528F8}.Debug|Any CPU.ActiveCfg = Debug|Any CPU
		{4DA5E4DC-9838-4B16-8588-724EAFF528F8}.Debug|Any CPU.Build.0 = Debug|Any CPU
		{4DA5E4DC-9838-4B16-8588-724EAFF528F8}.Release|Any CPU.ActiveCfg = Release|Any CPU
		{4DA5E4DC-9838-4B16-8588-724EAFF528F8}.Release|Any CPU.Build.0 = Release|Any CPU
		{5213A7CF-DEF6-4373-8F1B-79D366A9E54E}.Debug|Any CPU.ActiveCfg = Debug|Any CPU
		{5213A7CF-DEF6-4373-8F1B-79D366A9E54E}.Debug|Any CPU.Build.0 = Debug|Any CPU
		{5213A7CF-DEF6-4373-8F1B-79D366A9E54E}.Release|Any CPU.ActiveCfg = Release|Any CPU
		{5213A7CF-DEF6-4373-8F1B-79D366A9E54E}.Release|Any CPU.Build.0 = Release|Any CPU
		{4BC14C6C-29E6-464C-B37F-14F9FE67A74B}.Debug|Any CPU.ActiveCfg = Debug|Any CPU
		{4BC14C6C-29E6-464C-B37F-14F9FE67A74B}.Debug|Any CPU.Build.0 = Debug|Any CPU
		{4BC14C6C-29E6-464C-B37F-14F9FE67A74B}.Release|Any CPU.ActiveCfg = Release|Any CPU
		{4BC14C6C-29E6-464C-B37F-14F9FE67A74B}.Release|Any CPU.Build.0 = Release|Any CPU
	EndGlobalSection
EndGlobal
